
Microsoft Visual Studio Solution File, Format Version 12.00
# Visual Studio Version 16
VisualStudioVersion = 16.0.30011.22
MinimumVisualStudioVersion = 10.0.40219.1
Project("{9A19103F-16F7-4668-BE54-9A1E7A4F7556}") = "Mapper", "src\Mapper.csproj", "{F87EAB09-150C-4148-B81A-D9A42308DACE}"
EndProject
Project("{9A19103F-16F7-4668-BE54-9A1E7A4F7556}") = "MapperTests", "MapperTests\MapperTests.csproj", "{57440EDB-F463-4B65-81D4-8BE87BBF7744}"
EndProject
Global
	GlobalSection(SolutionConfigurationPlatforms) = preSolution
		Debug|Any CPU = Debug|Any CPU
		Release|Any CPU = Release|Any CPU
	EndGlobalSection
	GlobalSection(ProjectConfigurationPlatforms) = postSolution
		{F87EAB09-150C-4148-B81A-D9A42308DACE}.Debug|Any CPU.ActiveCfg = Debug|Any CPU
		{F87EAB09-150C-4148-B81A-D9A42308DACE}.Debug|Any CPU.Build.0 = Debug|Any CPU
		{F87EAB09-150C-4148-B81A-D9A42308DACE}.Release|Any CPU.ActiveCfg = Release|Any CPU
		{F87EAB09-150C-4148-B81A-D9A42308DACE}.Release|Any CPU.Build.0 = Release|Any CPU
		{57440EDB-F463-4B65-81D4-8BE87BBF7744}.Debug|Any CPU.ActiveCfg = Debug|Any CPU
		{57440EDB-F463-4B65-81D4-8BE87BBF7744}.Debug|Any CPU.Build.0 = Debug|Any CPU
		{57440EDB-F463-4B65-81D4-8BE87BBF7744}.Release|Any CPU.ActiveCfg = Release|Any CPU
		{57440EDB-F463-4B65-81D4-8BE87BBF7744}.Release|Any CPU.Build.0 = Release|Any CPU
	EndGlobalSection
	GlobalSection(SolutionProperties) = preSolution
		HideSolutionNode = FALSE
	EndGlobalSection
	GlobalSection(ExtensibilityGlobals) = postSolution
		SolutionGuid = {E54D57EC-8F45-4281-AC02-7DF4F15F68F7}
	EndGlobalSection
EndGlobal
